
Microsoft Visual Studio Solution File, Format Version 12.00
# Visual Studio Version 17
VisualStudioVersion = 17.0.31919.166
MinimumVisualStudioVersion = 10.0.40219.1
Project("{FAE04EC0-301F-11D3-BF4B-00C04F79EFBC}") = "PrimeNumbers", "PrimeNumbers\PrimeNumbers.csproj", "{1FDC8027-3CB0-4876-9EEA-98F3C8EC4B47}"
EndProject
Global
	GlobalSection(SolutionConfigurationPlatforms) = preSolution
		Debug|Any CPU = Debug|Any CPU
		Release|Any CPU = Release|Any CPU
	EndGlobalSection
	GlobalSection(ProjectConfigurationPlatforms) = postSolution
		{1FDC8027-3CB0-4876-9EEA-98F3C8EC4B47}.Debug|Any CPU.ActiveCfg = Debug|Any CPU
		{1FDC8027-3CB0-4876-9EEA-98F3C8EC4B47}.Debug|Any CPU.Build.0 = Debug|Any CPU
		{1FDC8027-3CB0-4876-9EEA-98F3C8EC4B47}.Release|Any CPU.ActiveCfg = Release|Any CPU
		{1FDC8027-3CB0-4876-9EEA-98F3C8EC4B47}.Release|Any CPU.Build.0 = Release|Any CPU
	EndGlobalSection
	GlobalSection(SolutionProperties) = preSolution
		HideSolutionNode = FALSE
	EndGlobalSection
	GlobalSection(ExtensibilityGlobals) = postSolution
		SolutionGuid = {62DB2850-21DB-458E-B491-2BA46777D29D}
	EndGlobalSection
EndGlobal
